
Microsoft Visual Studio Solution File, Format Version 12.00
# Visual Studio Version 16
VisualStudioVersion = 16.0.29215.179
MinimumVisualStudioVersion = 10.0.40219.1
Project("{FAE04EC0-301F-11D3-BF4B-00C04F79EFBC}") = "ListBox", "ListBox\ListBox.csproj", "{ACCBFB0C-92C6-42A5-B985-DC0C74E81738}"
EndProject
Global
	GlobalSection(SolutionConfigurationPlatforms) = preSolution
		Debug|Any CPU = Debug|Any CPU
		Release|Any CPU = Release|Any CPU
	EndGlobalSection
	GlobalSection(ProjectConfigurationPlatforms) = postSolution
		{ACCBFB0C-92C6-42A5-B985-DC0C74E81738}.Debug|Any CPU.ActiveCfg = Debug|Any CPU
		{ACCBFB0C-92C6-42A5-B985-DC0C74E81738}.Debug|Any CPU.Build.0 = Debug|Any CPU
		{ACCBFB0C-92C6-42A5-B985-DC0C74E81738}.Release|Any CPU.ActiveCfg = Release|Any CPU
		{ACCBFB0C-92C6-42A5-B985-DC0C74E81738}.Release|Any CPU.Build.0 = Release|Any CPU
	EndGlobalSection
	GlobalSection(SolutionProperties) = preSolution
		HideSolutionNode = FALSE
	EndGlobalSection
	GlobalSection(ExtensibilityGlobals) = postSolution
		SolutionGuid = {CAA4BCE7-27FD-4FF9-A14F-C35C9BAFC246}
	EndGlobalSection
EndGlobal
